
Microsoft Visual Studio Solution File, Format Version 12.00
# Visual Studio 15
VisualStudioVersion = 15.0.28307.421
MinimumVisualStudioVersion = 10.0.40219.1
Project("{888888A0-9F3D-457C-B088-3A5042F75D52}") = "ANN", "ANN.pyproj", "{D15FCB29-62D5-4C32-BDF6-0BAC21A04B84}"
EndProject
Global
	GlobalSection(SolutionConfigurationPlatforms) = preSolution
		Debug|Any CPU = Debug|Any CPU
		Release|Any CPU = Release|Any CPU
	EndGlobalSection
	GlobalSection(ProjectConfigurationPlatforms) = postSolution
		{D15FCB29-62D5-4C32-BDF6-0BAC21A04B84}.Debug|Any CPU.ActiveCfg = Debug|Any CPU
		{D15FCB29-62D5-4C32-BDF6-0BAC21A04B84}.Release|Any CPU.ActiveCfg = Release|Any CPU
	EndGlobalSection
	GlobalSection(SolutionProperties) = preSolution
		HideSolutionNode = FALSE
	EndGlobalSection
	GlobalSection(ExtensibilityGlobals) = postSolution
		SolutionGuid = {0F97850D-6576-4073-99C8-97B6F50BF378}
	EndGlobalSection
EndGlobal
